
Microsoft Visual Studio Solution File, Format Version 12.00
# 
Project("{2150E333-8FDC-42A3-9474-1A3956D46DE8}") = "Api", "Api", "{87AD8FE9-35FF-40FF-8FA2-EDE164F9F330}"
EndProject
Project("{2150E333-8FDC-42A3-9474-1A3956D46DE8}") = "Application", "Application", "{634F108A-998E-4279-B1A5-390FB44DBBBF}"
EndProject
Project("{2150E333-8FDC-42A3-9474-1A3956D46DE8}") = "Domain", "Domain", "{EA41FCD1-6A48-4E6D-AFCC-61EF01A7839C}"
EndProject
Project("{2150E333-8FDC-42A3-9474-1A3956D46DE8}") = "Infrastructure", "Infrastructure", "{751397DE-71F0-43BC-B078-37560E0000CF}"
EndProject
Project("{FAE04EC0-301F-11D3-BF4B-00C04F79EFBC}") = "Documentation", "Documentation\Documentation.csproj", "{58BD1E10-11F2-41DC-B8D2-EAE3A9E010EE}"
EndProject
Project("{FAE04EC0-301F-11D3-BF4B-00C04F79EFBC}") = "LN-history.Api", "LN-history.Api\LN-history.Api.csproj", "{8E29B7AF-F2C0-4C21-B055-66F50985EDA1}"
EndProject
Project("{FAE04EC0-301F-11D3-BF4B-00C04F79EFBC}") = "LN-history.Api.Tests", "LN-history.Api.Tests\LN-history.Api.Tests.csproj", "{79D10FBA-58D8-45B4-89D4-59996FEA2AFB}"
EndProject
Project("{FAE04EC0-301F-11D3-BF4B-00C04F79EFBC}") = "LN-history.Core.Tests", "LN-history.Core.Tests\LN-history.Core.Tests.csproj", "{6E707F8B-C6E5-4A93-8157-E95C188D3452}"
EndProject
Project("{FAE04EC0-301F-11D3-BF4B-00C04F79EFBC}") = "LN-history.Core", "LN-history.Core\LN-history.Core.csproj", "{B1BDA722-0671-4BDB-8689-16FAF3F50B58}"
EndProject
Project("{FAE04EC0-301F-11D3-BF4B-00C04F79EFBC}") = "LN-history.Data", "LN-history.Data\LN-history.Data.csproj", "{C625B516-6E21-4D4F-8121-4585B63A68A0}"
EndProject
Project("{FAE04EC0-301F-11D3-BF4B-00C04F79EFBC}") = "LN-history.Data.Tests", "LN-history.Data.Tests\LN-history.Data.Tests.csproj", "{B2E8103F-D2B0-43F9-92F7-844750E4F00A}"
EndProject
Project("{FAE04EC0-301F-11D3-BF4B-00C04F79EFBC}") = "LN-history.Tests.Shared", "LN-history.Tests.Shared\LN-history.Tests.Shared.csproj", "{D9E5F199-0A80-4CC1-A02B-C861D5AAA956}"
EndProject
Project("{FAE04EC0-301F-11D3-BF4B-00C04F79EFBC}") = "LN-history.Startup", "LN-history.Startup\LN-history.Startup.csproj", "{6B77F307-145E-4A14-A279-498CF62AAF11}"
EndProject
Project("{FAE04EC0-301F-11D3-BF4B-00C04F79EFBC}") = "Bitcoin.Data.Tests", "Bitcoin.Data.Tests\Bitcoin.Data.Tests.csproj", "{E4985AA1-A880-476A-A640-8155B580B586}"
EndProject
Project("{FAE04EC0-301F-11D3-BF4B-00C04F79EFBC}") = "Bitcoin.Data", "Bitcoin.Data\Bitcoin.Data.csproj", "{0BC8023C-4274-49A3-A190-081E6CC4B4B1}"
EndProject
Project("{FAE04EC0-301F-11D3-BF4B-00C04F79EFBC}") = "LN-History.Model", "LN-History.Model\LN-History.Model.csproj", "{43DAB31C-8DEF-4EFB-9422-31481FBAC5E1}"
EndProject
Global
	GlobalSection(SolutionConfigurationPlatforms) = preSolution
		Debug|Any CPU = Debug|Any CPU
		Release|Any CPU = Release|Any CPU
	EndGlobalSection
	GlobalSection(ProjectConfigurationPlatforms) = postSolution
		{58BD1E10-11F2-41DC-B8D2-EAE3A9E010EE}.Debug|Any CPU.ActiveCfg = Debug|Any CPU
		{58BD1E10-11F2-41DC-B8D2-EAE3A9E010EE}.Debug|Any CPU.Build.0 = Debug|Any CPU
		{58BD1E10-11F2-41DC-B8D2-EAE3A9E010EE}.Release|Any CPU.ActiveCfg = Release|Any CPU
		{58BD1E10-11F2-41DC-B8D2-EAE3A9E010EE}.Release|Any CPU.Build.0 = Release|Any CPU
		{8E29B7AF-F2C0-4C21-B055-66F50985EDA1}.Debug|Any CPU.ActiveCfg = Debug|Any CPU
		{8E29B7AF-F2C0-4C21-B055-66F50985EDA1}.Debug|Any CPU.Build.0 = Debug|Any CPU
		{8E29B7AF-F2C0-4C21-B055-66F50985EDA1}.Release|Any CPU.ActiveCfg = Release|Any CPU
		{8E29B7AF-F2C0-4C21-B055-66F50985EDA1}.Release|Any CPU.Build.0 = Release|Any CPU
		{79D10FBA-58D8-45B4-89D4-59996FEA2AFB}.Debug|Any CPU.ActiveCfg = Debug|Any CPU
		{79D10FBA-58D8-45B4-89D4-59996FEA2AFB}.Debug|Any CPU.Build.0 = Debug|Any CPU
		{79D10FBA-58D8-45B4-89D4-59996FEA2AFB}.Release|Any CPU.ActiveCfg = Release|Any CPU
		{79D10FBA-58D8-45B4-89D4-59996FEA2AFB}.Release|Any CPU.Build.0 = Release|Any CPU
		{6E707F8B-C6E5-4A93-8157-E95C188D3452}.Debug|Any CPU.ActiveCfg = Debug|Any CPU
		{6E707F8B-C6E5-4A93-8157-E95C188D3452}.Debug|Any CPU.Build.0 = Debug|Any CPU
		{6E707F8B-C6E5-4A93-8157-E95C188D3452}.Release|Any CPU.ActiveCfg = Release|Any CPU
		{6E707F8B-C6E5-4A93-8157-E95C188D3452}.Release|Any CPU.Build.0 = Release|Any CPU
		{B1BDA722-0671-4BDB-8689-16FAF3F50B58}.Debug|Any CPU.ActiveCfg = Debug|Any CPU
		{B1BDA722-0671-4BDB-8689-16FAF3F50B58}.Debug|Any CPU.Build.0 = Debug|Any CPU
		{B1BDA722-0671-4BDB-8689-16FAF3F50B58}.Release|Any CPU.ActiveCfg = Release|Any CPU
		{B1BDA722-0671-4BDB-8689-16FAF3F50B58}.Release|Any CPU.Build.0 = Release|Any CPU
		{C625B516-6E21-4D4F-8121-4585B63A68A0}.Debug|Any CPU.ActiveCfg = Debug|Any CPU
		{C625B516-6E21-4D4F-8121-4585B63A68A0}.Debug|Any CPU.Build.0 = Debug|Any CPU
		{C625B516-6E21-4D4F-8121-4585B63A68A0}.Release|Any CPU.ActiveCfg = Release|Any CPU
		{C625B516-6E21-4D4F-8121-4585B63A68A0}.Release|Any CPU.Build.0 = Release|Any CPU
		{B2E8103F-D2B0-43F9-92F7-844750E4F00A}.Debug|Any CPU.ActiveCfg = Debug|Any CPU
		{B2E8103F-D2B0-43F9-92F7-844750E4F00A}.Debug|Any CPU.Build.0 = Debug|Any CPU
		{B2E8103F-D2B0-43F9-92F7-844750E4F00A}.Release|Any CPU.ActiveCfg = Release|Any CPU
		{B2E8103F-D2B0-43F9-92F7-844750E4F00A}.Release|Any CPU.Build.0 = Release|Any CPU
		{D9E5F199-0A80-4CC1-A02B-C861D5AAA956}.Debug|Any CPU.ActiveCfg = Debug|Any CPU
		{D9E5F199-0A80-4CC1-A02B-C861D5AAA956}.Debug|Any CPU.Build.0 = Debug|Any CPU
		{D9E5F199-0A80-4CC1-A02B-C861D5AAA956}.Release|Any CPU.ActiveCfg = Release|Any CPU
		{D9E5F199-0A80-4CC1-A02B-C861D5AAA956}.Release|Any CPU.Build.0 = Release|Any CPU
		{6B77F307-145E-4A14-A279-498CF62AAF11}.Debug|Any CPU.ActiveCfg = Debug|Any CPU
		{6B77F307-145E-4A14-A279-498CF62AAF11}.Debug|Any CPU.Build.0 = Debug|Any CPU
		{6B77F307-145E-4A14-A279-498CF62AAF11}.Release|Any CPU.ActiveCfg = Release|Any CPU
		{6B77F307-145E-4A14-A279-498CF62AAF11}.Release|Any CPU.Build.0 = Release|Any CPU
		{E4985AA1-A880-476A-A640-8155B580B586}.Debug|Any CPU.ActiveCfg = Debug|Any CPU
		{E4985AA1-A880-476A-A640-8155B580B586}.Debug|Any CPU.Build.0 = Debug|Any CPU
		{E4985AA1-A880-476A-A640-8155B580B586}.Release|Any CPU.ActiveCfg = Release|Any CPU
		{E4985AA1-A880-476A-A640-8155B580B586}.Release|Any CPU.Build.0 = Release|Any CPU
		{0BC8023C-4274-49A3-A190-081E6CC4B4B1}.Debug|Any CPU.ActiveCfg = Debug|Any CPU
		{0BC8023C-4274-49A3-A190-081E6CC4B4B1}.Debug|Any CPU.Build.0 = Debug|Any CPU
		{0BC8023C-4274-49A3-A190-081E6CC4B4B1}.Release|Any CPU.ActiveCfg = Release|Any CPU
		{0BC8023C-4274-49A3-A190-081E6CC4B4B1}.Release|Any CPU.Build.0 = Release|Any CPU
		{43DAB31C-8DEF-4EFB-9422-31481FBAC5E1}.Debug|Any CPU.ActiveCfg = Debug|Any CPU
		{43DAB31C-8DEF-4EFB-9422-31481FBAC5E1}.Debug|Any CPU.Build.0 = Debug|Any CPU
		{43DAB31C-8DEF-4EFB-9422-31481FBAC5E1}.Release|Any CPU.ActiveCfg = Release|Any CPU
		{43DAB31C-8DEF-4EFB-9422-31481FBAC5E1}.Release|Any CPU.Build.0 = Release|Any CPU
	EndGlobalSection
	GlobalSection(NestedProjects) = preSolution
		{8E29B7AF-F2C0-4C21-B055-66F50985EDA1} = {87AD8FE9-35FF-40FF-8FA2-EDE164F9F330}
		{79D10FBA-58D8-45B4-89D4-59996FEA2AFB} = {87AD8FE9-35FF-40FF-8FA2-EDE164F9F330}
		{6E707F8B-C6E5-4A93-8157-E95C188D3452} = {634F108A-998E-4279-B1A5-390FB44DBBBF}
		{B1BDA722-0671-4BDB-8689-16FAF3F50B58} = {634F108A-998E-4279-B1A5-390FB44DBBBF}
		{C625B516-6E21-4D4F-8121-4585B63A68A0} = {EA41FCD1-6A48-4E6D-AFCC-61EF01A7839C}
		{B2E8103F-D2B0-43F9-92F7-844750E4F00A} = {EA41FCD1-6A48-4E6D-AFCC-61EF01A7839C}
		{D9E5F199-0A80-4CC1-A02B-C861D5AAA956} = {751397DE-71F0-43BC-B078-37560E0000CF}
		{E4985AA1-A880-476A-A640-8155B580B586} = {EA41FCD1-6A48-4E6D-AFCC-61EF01A7839C}
		{0BC8023C-4274-49A3-A190-081E6CC4B4B1} = {EA41FCD1-6A48-4E6D-AFCC-61EF01A7839C}
		{43DAB31C-8DEF-4EFB-9422-31481FBAC5E1} = {634F108A-998E-4279-B1A5-390FB44DBBBF}
	EndGlobalSection
EndGlobal
